
Microsoft Visual Studio Solution File, Format Version 12.00
# Visual Studio Version 16
VisualStudioVersion = 16.0.30114.105
MinimumVisualStudioVersion = 10.0.40219.1
Project("{FAE04EC0-301F-11D3-BF4B-00C04F79EFBC}") = "final1soru", "final1soru\final1soru.csproj", "{B43DC14E-8540-468B-8CB2-E5CA774FDE66}"
EndProject
Global
	GlobalSection(SolutionConfigurationPlatforms) = preSolution
		Debug|Any CPU = Debug|Any CPU
		Release|Any CPU = Release|Any CPU
	EndGlobalSection
	GlobalSection(ProjectConfigurationPlatforms) = postSolution
		{B43DC14E-8540-468B-8CB2-E5CA774FDE66}.Debug|Any CPU.ActiveCfg = Debug|Any CPU
		{B43DC14E-8540-468B-8CB2-E5CA774FDE66}.Debug|Any CPU.Build.0 = Debug|Any CPU
		{B43DC14E-8540-468B-8CB2-E5CA774FDE66}.Release|Any CPU.ActiveCfg = Release|Any CPU
		{B43DC14E-8540-468B-8CB2-E5CA774FDE66}.Release|Any CPU.Build.0 = Release|Any CPU
	EndGlobalSection
	GlobalSection(SolutionProperties) = preSolution
		HideSolutionNode = FALSE
	EndGlobalSection
	GlobalSection(ExtensibilityGlobals) = postSolution
		SolutionGuid = {B2379147-C6A3-486B-8B45-E7E1FF614370}
	EndGlobalSection
EndGlobal
